
Microsoft Visual Studio Solution File, Format Version 12.00
# Visual Studio Version 17
VisualStudioVersion = 17.2.32630.192
MinimumVisualStudioVersion = 10.0.40219.1
Project("{FAE04EC0-301F-11D3-BF4B-00C04F79EFBC}") = "SimpleksMethod", "SimpleksMethod\SimpleksMethod.csproj", "{22195A15-4739-4ECF-9887-0B3A1C1AB947}"
EndProject
Global
	GlobalSection(SolutionConfigurationPlatforms) = preSolution
		Debug|Any CPU = Debug|Any CPU
		Release|Any CPU = Release|Any CPU
	EndGlobalSection
	GlobalSection(ProjectConfigurationPlatforms) = postSolution
		{22195A15-4739-4ECF-9887-0B3A1C1AB947}.Debug|Any CPU.ActiveCfg = Debug|Any CPU
		{22195A15-4739-4ECF-9887-0B3A1C1AB947}.Debug|Any CPU.Build.0 = Debug|Any CPU
		{22195A15-4739-4ECF-9887-0B3A1C1AB947}.Release|Any CPU.ActiveCfg = Release|Any CPU
		{22195A15-4739-4ECF-9887-0B3A1C1AB947}.Release|Any CPU.Build.0 = Release|Any CPU
	EndGlobalSection
	GlobalSection(SolutionProperties) = preSolution
		HideSolutionNode = FALSE
	EndGlobalSection
	GlobalSection(ExtensibilityGlobals) = postSolution
		SolutionGuid = {68C02573-1253-41BB-8995-B8BEE1CAEA61}
	EndGlobalSection
EndGlobal
